
Microsoft Visual Studio Solution File, Format Version 12.00
# Visual Studio 2013
VisualStudioVersion = 12.0.40629.0
MinimumVisualStudioVersion = 10.0.40219.1
Project("{2150E333-8FDC-42A3-9474-1A3956D46DE8}") = "Engine", "Engine", "{E59177DE-B040-4792-9A86-D68074871E47}"
EndProject
Project("{2150E333-8FDC-42A3-9474-1A3956D46DE8}") = "Games", "Games", "{B0E31270-9883-4C2E-98DA-BD4AAD96783D}"
EndProject
Project("{8BC9CEB8-8B4A-11D0-8D11-00A0C91BC942}") = "UE4", "Intermediate\ProjectFiles\UE4.vcxproj", "{96B4237A-B4D2-4B15-A563-93C78F481EB5}"
EndProject
Project("{8BC9CEB8-8B4A-11D0-8D11-00A0C91BC942}") = "UnnamedRPG", "Intermediate\ProjectFiles\UnnamedRPG.vcxproj", "{407F43DC-E2DD-4444-8823-B865231BC2A6}"
EndProject
Global
	GlobalSection(SolutionConfigurationPlatforms) = preSolution
		DebugGame Editor|Win32 = DebugGame Editor|Win32
		DebugGame Editor|Win64 = DebugGame Editor|Win64
		DebugGame|Win32 = DebugGame|Win32
		DebugGame|Win64 = DebugGame|Win64
		Development Editor|Win32 = Development Editor|Win32
		Development Editor|Win64 = Development Editor|Win64
		Development|Win32 = Development|Win32
		Development|Win64 = Development|Win64
		Shipping|Win32 = Shipping|Win32
		Shipping|Win64 = Shipping|Win64
	EndGlobalSection
	GlobalSection(ProjectConfigurationPlatforms) = postSolution
		{96B4237A-B4D2-4B15-A563-93C78F481EB5}.DebugGame Editor|Win32.ActiveCfg = BuiltWithUnrealBuildTool|Win32
		{96B4237A-B4D2-4B15-A563-93C78F481EB5}.DebugGame Editor|Win32.Build.0 = BuiltWithUnrealBuildTool|Win32
		{96B4237A-B4D2-4B15-A563-93C78F481EB5}.DebugGame Editor|Win64.ActiveCfg = BuiltWithUnrealBuildTool|Win32
		{96B4237A-B4D2-4B15-A563-93C78F481EB5}.DebugGame|Win32.ActiveCfg = BuiltWithUnrealBuildTool|Win32
		{96B4237A-B4D2-4B15-A563-93C78F481EB5}.DebugGame|Win32.Build.0 = BuiltWithUnrealBuildTool|Win32
		{96B4237A-B4D2-4B15-A563-93C78F481EB5}.DebugGame|Win64.ActiveCfg = BuiltWithUnrealBuildTool|Win32
		{96B4237A-B4D2-4B15-A563-93C78F481EB5}.Development Editor|Win32.ActiveCfg = BuiltWithUnrealBuildTool|Win32
		{96B4237A-B4D2-4B15-A563-93C78F481EB5}.Development Editor|Win32.Build.0 = BuiltWithUnrealBuildTool|Win32
		{96B4237A-B4D2-4B15-A563-93C78F481EB5}.Development Editor|Win64.ActiveCfg = BuiltWithUnrealBuildTool|Win32
		{96B4237A-B4D2-4B15-A563-93C78F481EB5}.Development|Win32.ActiveCfg = BuiltWithUnrealBuildTool|Win32
		{96B4237A-B4D2-4B15-A563-93C78F481EB5}.Development|Win32.Build.0 = BuiltWithUnrealBuildTool|Win32
		{96B4237A-B4D2-4B15-A563-93C78F481EB5}.Development|Win64.ActiveCfg = BuiltWithUnrealBuildTool|Win32
		{96B4237A-B4D2-4B15-A563-93C78F481EB5}.Shipping|Win32.ActiveCfg = BuiltWithUnrealBuildTool|Win32
		{96B4237A-B4D2-4B15-A563-93C78F481EB5}.Shipping|Win32.Build.0 = BuiltWithUnrealBuildTool|Win32
		{96B4237A-B4D2-4B15-A563-93C78F481EB5}.Shipping|Win64.ActiveCfg = BuiltWithUnrealBuildTool|Win32
		{407F43DC-E2DD-4444-8823-B865231BC2A6}.DebugGame Editor|Win32.ActiveCfg = DebugGame_Editor|Win32
		{407F43DC-E2DD-4444-8823-B865231BC2A6}.DebugGame Editor|Win32.Build.0 = DebugGame_Editor|Win32
		{407F43DC-E2DD-4444-8823-B865231BC2A6}.DebugGame Editor|Win64.ActiveCfg = DebugGame_Editor|x64
		{407F43DC-E2DD-4444-8823-B865231BC2A6}.DebugGame Editor|Win64.Build.0 = DebugGame_Editor|x64
		{407F43DC-E2DD-4444-8823-B865231BC2A6}.DebugGame|Win32.ActiveCfg = DebugGame_Game|Win32
		{407F43DC-E2DD-4444-8823-B865231BC2A6}.DebugGame|Win32.Build.0 = DebugGame_Game|Win32
		{407F43DC-E2DD-4444-8823-B865231BC2A6}.DebugGame|Win64.ActiveCfg = DebugGame_Game|x64
		{407F43DC-E2DD-4444-8823-B865231BC2A6}.DebugGame|Win64.Build.0 = DebugGame_Game|x64
		{407F43DC-E2DD-4444-8823-B865231BC2A6}.Development Editor|Win32.ActiveCfg = Development_Editor|Win32
		{407F43DC-E2DD-4444-8823-B865231BC2A6}.Development Editor|Win32.Build.0 = Development_Editor|Win32
		{407F43DC-E2DD-4444-8823-B865231BC2A6}.Development Editor|Win64.ActiveCfg = Development_Editor|x64
		{407F43DC-E2DD-4444-8823-B865231BC2A6}.Development Editor|Win64.Build.0 = Development_Editor|x64
		{407F43DC-E2DD-4444-8823-B865231BC2A6}.Development|Win32.ActiveCfg = Development_Game|Win32
		{407F43DC-E2DD-4444-8823-B865231BC2A6}.Development|Win32.Build.0 = Development_Game|Win32
		{407F43DC-E2DD-4444-8823-B865231BC2A6}.Development|Win64.ActiveCfg = Development_Game|x64
		{407F43DC-E2DD-4444-8823-B865231BC2A6}.Development|Win64.Build.0 = Development_Game|x64
		{407F43DC-E2DD-4444-8823-B865231BC2A6}.Shipping|Win32.ActiveCfg = Shipping_Game|Win32
		{407F43DC-E2DD-4444-8823-B865231BC2A6}.Shipping|Win32.Build.0 = Shipping_Game|Win32
		{407F43DC-E2DD-4444-8823-B865231BC2A6}.Shipping|Win64.ActiveCfg = Shipping_Game|x64
		{407F43DC-E2DD-4444-8823-B865231BC2A6}.Shipping|Win64.Build.0 = Shipping_Game|x64
	EndGlobalSection
	GlobalSection(SolutionProperties) = preSolution
		HideSolutionNode = FALSE
	EndGlobalSection
	GlobalSection(NestedProjects) = preSolution
		{96B4237A-B4D2-4B15-A563-93C78F481EB5} = {E59177DE-B040-4792-9A86-D68074871E47}
		{407F43DC-E2DD-4444-8823-B865231BC2A6} = {B0E31270-9883-4C2E-98DA-BD4AAD96783D}
	EndGlobalSection
EndGlobal
